
Microsoft Visual Studio Solution File, Format Version 12.00
# Visual Studio Version 17
VisualStudioVersion = 17.8.34322.80
MinimumVisualStudioVersion = 10.0.40219.1
Project("{2150E333-8FDC-42A3-9474-1A3956D46DE8}") = "src", "src", "{8C86E58B-DD6F-4253-9861-6B75E5CF0DC6}"
EndProject
Project("{2150E333-8FDC-42A3-9474-1A3956D46DE8}") = "Services", "Services", "{54F1B9C2-3570-4F6B-A7F4-ABC27B3E7F6C}"
EndProject
Project("{2150E333-8FDC-42A3-9474-1A3956D46DE8}") = "Identify", "Identify", "{C1A4323E-D533-40A2-87D2-09FB22170791}"
EndProject
Project("{FAE04EC0-301F-11D3-BF4B-00C04F79EFBC}") = "Identify.Domain", "src\Services\Identify\Identify.Domain\Identify.Domain.csproj", "{E2B62714-E82B-4DDD-8BEF-7183ECFA9841}"
EndProject
Project("{FAE04EC0-301F-11D3-BF4B-00C04F79EFBC}") = "Identify.Application", "src\Services\Identify\Identify.Application\Identify.Application.csproj", "{B3B02ED8-0BE8-49E6-8DD4-08F49BAD27F7}"
EndProject
Project("{FAE04EC0-301F-11D3-BF4B-00C04F79EFBC}") = "Identify.Infrastructure", "src\Services\Identify\Identify.Infrastructure\Identify.Infrastructure.csproj", "{AEE43D78-D616-40CF-AE1E-051FA6C75665}"
EndProject
Project("{FAE04EC0-301F-11D3-BF4B-00C04F79EFBC}") = "Identify.API", "src\Services\Identify\Identify.API\Identify.API.csproj", "{107B0102-7BE5-4EBF-94E9-38FA7FE3DED3}"
EndProject
Project("{2150E333-8FDC-42A3-9474-1A3956D46DE8}") = "Book", "Book", "{35E41C4C-0037-4D33-892F-B55F3C5E0967}"
EndProject
Project("{FAE04EC0-301F-11D3-BF4B-00C04F79EFBC}") = "Book.Domain", "src\Services\Book\Book.Domain\Book.Domain.csproj", "{848F52E8-316F-46B7-B211-7FF9852D0726}"
EndProject
Project("{FAE04EC0-301F-11D3-BF4B-00C04F79EFBC}") = "Book.Application", "src\Services\Book\Book.Application\Book.Application.csproj", "{D80D6C22-9396-4440-9327-84E9A199C527}"
EndProject
Project("{FAE04EC0-301F-11D3-BF4B-00C04F79EFBC}") = "Book.Infrastructure", "src\Services\Book\Book.Infrastructure\Book.Infrastructure.csproj", "{7433AC5C-0A0F-4D24-97B7-10F02D5633E1}"
EndProject
Project("{FAE04EC0-301F-11D3-BF4B-00C04F79EFBC}") = "Book.API", "src\Services\Book\Book.API\Book.API.csproj", "{1D4A0765-2355-4B89-AB02-15213967B583}"
EndProject
Project("{2150E333-8FDC-42A3-9474-1A3956D46DE8}") = "Review", "Review", "{624F9D50-DD19-486E-BD9B-D578303E133B}"
EndProject
Project("{FAE04EC0-301F-11D3-BF4B-00C04F79EFBC}") = "Review.API", "src\Services\Review\Review.API\Review.API.csproj", "{19C002EA-556F-44CD-9316-EA8978A93F6B}"
EndProject
Project("{FAE04EC0-301F-11D3-BF4B-00C04F79EFBC}") = "Review.Domain", "src\Services\Review\Review.Domain\Review.Domain.csproj", "{C7ADBFEA-A969-46E9-AFF9-849D38246D56}"
EndProject
Project("{FAE04EC0-301F-11D3-BF4B-00C04F79EFBC}") = "Review.Application", "src\Services\Review\Review.Application\Review.Application.csproj", "{7185DC0C-AD51-47CB-A495-1A7264F8525B}"
EndProject
Project("{FAE04EC0-301F-11D3-BF4B-00C04F79EFBC}") = "Review.Infrastructure", "src\Services\Review\Review.Infrastructure\Review.Infrastructure.csproj", "{318BF988-3EFA-4574-82E1-0B9CFF057889}"
EndProject
Project("{2150E333-8FDC-42A3-9474-1A3956D46DE8}") = "ApiGateways", "ApiGateways", "{847C5A3C-8E12-4347-B412-E57E4F5CB357}"
EndProject
Project("{FAE04EC0-301F-11D3-BF4B-00C04F79EFBC}") = "Ocelot.ApiGateway", "src\ApiGateways\Ocelot.ApiGateway\Ocelot.ApiGateway.csproj", "{662EF45B-A7E9-41FE-948E-068EF18234F3}"
EndProject
Project("{2150E333-8FDC-42A3-9474-1A3956D46DE8}") = "Infrastructure", "Infrastructure", "{0E70513A-AA68-41A8-901B-84BB937CFD26}"
EndProject
Project("{2150E333-8FDC-42A3-9474-1A3956D46DE8}") = "EventBus", "EventBus", "{B68B1569-24D0-4B77-BDD8-E48F3790D00F}"
EndProject
Project("{FAE04EC0-301F-11D3-BF4B-00C04F79EFBC}") = "RabbitMQ.EventBus", "src\Infrastructure\EventBus\RabbitMQ.EventBus\RabbitMQ.EventBus.csproj", "{DFA784B7-4143-416F-92B7-E7D001619DDE}"
EndProject
Project("{FAE04EC0-301F-11D3-BF4B-00C04F79EFBC}") = "Identify.Tests", "src\Services\Identify\Identify.Tests\Identify.Tests.csproj", "{0AF8E1F9-D3EC-42B7-BFA5-AAC01E95C8BA}"
EndProject
Project("{FAE04EC0-301F-11D3-BF4B-00C04F79EFBC}") = "Book.Tests", "src\Services\Book\Book.Tests\Book.Tests.csproj", "{249FC483-BAA2-4CE6-9097-39340BC15097}"
EndProject
Project("{FAE04EC0-301F-11D3-BF4B-00C04F79EFBC}") = "Review.Tests", "src\Services\Review\Review.Tests\Review.Tests.csproj", "{495004CC-C1F0-4D0B-A77C-4A02385BF9A2}"
EndProject
Global
	GlobalSection(SolutionConfigurationPlatforms) = preSolution
		Debug|Any CPU = Debug|Any CPU
		Release|Any CPU = Release|Any CPU
	EndGlobalSection
	GlobalSection(ProjectConfigurationPlatforms) = postSolution
		{E2B62714-E82B-4DDD-8BEF-7183ECFA9841}.Debug|Any CPU.ActiveCfg = Debug|Any CPU
		{E2B62714-E82B-4DDD-8BEF-7183ECFA9841}.Debug|Any CPU.Build.0 = Debug|Any CPU
		{E2B62714-E82B-4DDD-8BEF-7183ECFA9841}.Release|Any CPU.ActiveCfg = Release|Any CPU
		{E2B62714-E82B-4DDD-8BEF-7183ECFA9841}.Release|Any CPU.Build.0 = Release|Any CPU
		{B3B02ED8-0BE8-49E6-8DD4-08F49BAD27F7}.Debug|Any CPU.ActiveCfg = Debug|Any CPU
		{B3B02ED8-0BE8-49E6-8DD4-08F49BAD27F7}.Debug|Any CPU.Build.0 = Debug|Any CPU
		{B3B02ED8-0BE8-49E6-8DD4-08F49BAD27F7}.Release|Any CPU.ActiveCfg = Release|Any CPU
		{B3B02ED8-0BE8-49E6-8DD4-08F49BAD27F7}.Release|Any CPU.Build.0 = Release|Any CPU
		{AEE43D78-D616-40CF-AE1E-051FA6C75665}.Debug|Any CPU.ActiveCfg = Debug|Any CPU
		{AEE43D78-D616-40CF-AE1E-051FA6C75665}.Debug|Any CPU.Build.0 = Debug|Any CPU
		{AEE43D78-D616-40CF-AE1E-051FA6C75665}.Release|Any CPU.ActiveCfg = Release|Any CPU
		{AEE43D78-D616-40CF-AE1E-051FA6C75665}.Release|Any CPU.Build.0 = Release|Any CPU
		{107B0102-7BE5-4EBF-94E9-38FA7FE3DED3}.Debug|Any CPU.ActiveCfg = Debug|Any CPU
		{107B0102-7BE5-4EBF-94E9-38FA7FE3DED3}.Debug|Any CPU.Build.0 = Debug|Any CPU
		{107B0102-7BE5-4EBF-94E9-38FA7FE3DED3}.Release|Any CPU.ActiveCfg = Release|Any CPU
		{107B0102-7BE5-4EBF-94E9-38FA7FE3DED3}.Release|Any CPU.Build.0 = Release|Any CPU
		{848F52E8-316F-46B7-B211-7FF9852D0726}.Debug|Any CPU.ActiveCfg = Debug|Any CPU
		{848F52E8-316F-46B7-B211-7FF9852D0726}.Debug|Any CPU.Build.0 = Debug|Any CPU
		{848F52E8-316F-46B7-B211-7FF9852D0726}.Release|Any CPU.ActiveCfg = Release|Any CPU
		{848F52E8-316F-46B7-B211-7FF9852D0726}.Release|Any CPU.Build.0 = Release|Any CPU
		{D80D6C22-9396-4440-9327-84E9A199C527}.Debug|Any CPU.ActiveCfg = Debug|Any CPU
		{D80D6C22-9396-4440-9327-84E9A199C527}.Debug|Any CPU.Build.0 = Debug|Any CPU
		{D80D6C22-9396-4440-9327-84E9A199C527}.Release|Any CPU.ActiveCfg = Release|Any CPU
		{D80D6C22-9396-4440-9327-84E9A199C527}.Release|Any CPU.Build.0 = Release|Any CPU
		{7433AC5C-0A0F-4D24-97B7-10F02D5633E1}.Debug|Any CPU.ActiveCfg = Debug|Any CPU
		{7433AC5C-0A0F-4D24-97B7-10F02D5633E1}.Debug|Any CPU.Build.0 = Debug|Any CPU
		{7433AC5C-0A0F-4D24-97B7-10F02D5633E1}.Release|Any CPU.ActiveCfg = Release|Any CPU
		{7433AC5C-0A0F-4D24-97B7-10F02D5633E1}.Release|Any CPU.Build.0 = Release|Any CPU
		{1D4A0765-2355-4B89-AB02-15213967B583}.Debug|Any CPU.ActiveCfg = Debug|Any CPU
		{1D4A0765-2355-4B89-AB02-15213967B583}.Debug|Any CPU.Build.0 = Debug|Any CPU
		{1D4A0765-2355-4B89-AB02-15213967B583}.Release|Any CPU.ActiveCfg = Release|Any CPU
		{1D4A0765-2355-4B89-AB02-15213967B583}.Release|Any CPU.Build.0 = Release|Any CPU
		{19C002EA-556F-44CD-9316-EA8978A93F6B}.Debug|Any CPU.ActiveCfg = Debug|Any CPU
		{19C002EA-556F-44CD-9316-EA8978A93F6B}.Debug|Any CPU.Build.0 = Debug|Any CPU
		{19C002EA-556F-44CD-9316-EA8978A93F6B}.Release|Any CPU.ActiveCfg = Release|Any CPU
		{19C002EA-556F-44CD-9316-EA8978A93F6B}.Release|Any CPU.Build.0 = Release|Any CPU
		{C7ADBFEA-A969-46E9-AFF9-849D38246D56}.Debug|Any CPU.ActiveCfg = Debug|Any CPU
		{C7ADBFEA-A969-46E9-AFF9-849D38246D56}.Debug|Any CPU.Build.0 = Debug|Any CPU
		{C7ADBFEA-A969-46E9-AFF9-849D38246D56}.Release|Any CPU.ActiveCfg = Release|Any CPU
		{C7ADBFEA-A969-46E9-AFF9-849D38246D56}.Release|Any CPU.Build.0 = Release|Any CPU
		{7185DC0C-AD51-47CB-A495-1A7264F8525B}.Debug|Any CPU.ActiveCfg = Debug|Any CPU
		{7185DC0C-AD51-47CB-A495-1A7264F8525B}.Debug|Any CPU.Build.0 = Debug|Any CPU
		{7185DC0C-AD51-47CB-A495-1A7264F8525B}.Release|Any CPU.ActiveCfg = Release|Any CPU
		{7185DC0C-AD51-47CB-A495-1A7264F8525B}.Release|Any CPU.Build.0 = Release|Any CPU
		{318BF988-3EFA-4574-82E1-0B9CFF057889}.Debug|Any CPU.ActiveCfg = Debug|Any CPU
		{318BF988-3EFA-4574-82E1-0B9CFF057889}.Debug|Any CPU.Build.0 = Debug|Any CPU
		{318BF988-3EFA-4574-82E1-0B9CFF057889}.Release|Any CPU.ActiveCfg = Release|Any CPU
		{318BF988-3EFA-4574-82E1-0B9CFF057889}.Release|Any CPU.Build.0 = Release|Any CPU
		{662EF45B-A7E9-41FE-948E-068EF18234F3}.Debug|Any CPU.ActiveCfg = Debug|Any CPU
		{662EF45B-A7E9-41FE-948E-068EF18234F3}.Debug|Any CPU.Build.0 = Debug|Any CPU
		{662EF45B-A7E9-41FE-948E-068EF18234F3}.Release|Any CPU.ActiveCfg = Release|Any CPU
		{662EF45B-A7E9-41FE-948E-068EF18234F3}.Release|Any CPU.Build.0 = Release|Any CPU
		{DFA784B7-4143-416F-92B7-E7D001619DDE}.Debug|Any CPU.ActiveCfg = Debug|Any CPU
		{DFA784B7-4143-416F-92B7-E7D001619DDE}.Debug|Any CPU.Build.0 = Debug|Any CPU
		{DFA784B7-4143-416F-92B7-E7D001619DDE}.Release|Any CPU.ActiveCfg = Release|Any CPU
		{DFA784B7-4143-416F-92B7-E7D001619DDE}.Release|Any CPU.Build.0 = Release|Any CPU
		{0AF8E1F9-D3EC-42B7-BFA5-AAC01E95C8BA}.Debug|Any CPU.ActiveCfg = Debug|Any CPU
		{0AF8E1F9-D3EC-42B7-BFA5-AAC01E95C8BA}.Debug|Any CPU.Build.0 = Debug|Any CPU
		{0AF8E1F9-D3EC-42B7-BFA5-AAC01E95C8BA}.Release|Any CPU.ActiveCfg = Release|Any CPU
		{0AF8E1F9-D3EC-42B7-BFA5-AAC01E95C8BA}.Release|Any CPU.Build.0 = Release|Any CPU
		{249FC483-BAA2-4CE6-9097-39340BC15097}.Debug|Any CPU.ActiveCfg = Debug|Any CPU
		{249FC483-BAA2-4CE6-9097-39340BC15097}.Debug|Any CPU.Build.0 = Debug|Any CPU
		{249FC483-BAA2-4CE6-9097-39340BC15097}.Release|Any CPU.ActiveCfg = Release|Any CPU
		{249FC483-BAA2-4CE6-9097-39340BC15097}.Release|Any CPU.Build.0 = Release|Any CPU
		{495004CC-C1F0-4D0B-A77C-4A02385BF9A2}.Debug|Any CPU.ActiveCfg = Debug|Any CPU
		{495004CC-C1F0-4D0B-A77C-4A02385BF9A2}.Debug|Any CPU.Build.0 = Debug|Any CPU
		{495004CC-C1F0-4D0B-A77C-4A02385BF9A2}.Release|Any CPU.ActiveCfg = Release|Any CPU
		{495004CC-C1F0-4D0B-A77C-4A02385BF9A2}.Release|Any CPU.Build.0 = Release|Any CPU
	EndGlobalSection
	GlobalSection(SolutionProperties) = preSolution
		HideSolutionNode = FALSE
	EndGlobalSection
	GlobalSection(NestedProjects) = preSolution
		{54F1B9C2-3570-4F6B-A7F4-ABC27B3E7F6C} = {8C86E58B-DD6F-4253-9861-6B75E5CF0DC6}
		{C1A4323E-D533-40A2-87D2-09FB22170791} = {54F1B9C2-3570-4F6B-A7F4-ABC27B3E7F6C}
		{E2B62714-E82B-4DDD-8BEF-7183ECFA9841} = {C1A4323E-D533-40A2-87D2-09FB22170791}
		{B3B02ED8-0BE8-49E6-8DD4-08F49BAD27F7} = {C1A4323E-D533-40A2-87D2-09FB22170791}
		{AEE43D78-D616-40CF-AE1E-051FA6C75665} = {C1A4323E-D533-40A2-87D2-09FB22170791}
		{107B0102-7BE5-4EBF-94E9-38FA7FE3DED3} = {C1A4323E-D533-40A2-87D2-09FB22170791}
		{35E41C4C-0037-4D33-892F-B55F3C5E0967} = {54F1B9C2-3570-4F6B-A7F4-ABC27B3E7F6C}
		{848F52E8-316F-46B7-B211-7FF9852D0726} = {35E41C4C-0037-4D33-892F-B55F3C5E0967}
		{D80D6C22-9396-4440-9327-84E9A199C527} = {35E41C4C-0037-4D33-892F-B55F3C5E0967}
		{7433AC5C-0A0F-4D24-97B7-10F02D5633E1} = {35E41C4C-0037-4D33-892F-B55F3C5E0967}
		{1D4A0765-2355-4B89-AB02-15213967B583} = {35E41C4C-0037-4D33-892F-B55F3C5E0967}
		{624F9D50-DD19-486E-BD9B-D578303E133B} = {54F1B9C2-3570-4F6B-A7F4-ABC27B3E7F6C}
		{19C002EA-556F-44CD-9316-EA8978A93F6B} = {624F9D50-DD19-486E-BD9B-D578303E133B}
		{C7ADBFEA-A969-46E9-AFF9-849D38246D56} = {624F9D50-DD19-486E-BD9B-D578303E133B}
		{7185DC0C-AD51-47CB-A495-1A7264F8525B} = {624F9D50-DD19-486E-BD9B-D578303E133B}
		{318BF988-3EFA-4574-82E1-0B9CFF057889} = {624F9D50-DD19-486E-BD9B-D578303E133B}
		{847C5A3C-8E12-4347-B412-E57E4F5CB357} = {8C86E58B-DD6F-4253-9861-6B75E5CF0DC6}
		{662EF45B-A7E9-41FE-948E-068EF18234F3} = {847C5A3C-8E12-4347-B412-E57E4F5CB357}
		{0E70513A-AA68-41A8-901B-84BB937CFD26} = {8C86E58B-DD6F-4253-9861-6B75E5CF0DC6}
		{B68B1569-24D0-4B77-BDD8-E48F3790D00F} = {0E70513A-AA68-41A8-901B-84BB937CFD26}
		{DFA784B7-4143-416F-92B7-E7D001619DDE} = {B68B1569-24D0-4B77-BDD8-E48F3790D00F}
		{0AF8E1F9-D3EC-42B7-BFA5-AAC01E95C8BA} = {C1A4323E-D533-40A2-87D2-09FB22170791}
		{249FC483-BAA2-4CE6-9097-39340BC15097} = {35E41C4C-0037-4D33-892F-B55F3C5E0967}
		{495004CC-C1F0-4D0B-A77C-4A02385BF9A2} = {624F9D50-DD19-486E-BD9B-D578303E133B}
	EndGlobalSection
EndGlobal
